{
  "name": "logx-js",
  "version": "1.0.0",
  "lockfileVersion": 2,
  "requires": true,
  "packages": {
    "": {
      "name": "logx-js",
      "version": "1.0.0",
      "license": "LGPL-3.0-or-later",
      "dependencies": {
        "ampelstatus": "^1.0.0"
      }
    },
    "node_modules/ampelstatus": {
      "version": "1.0.0",
      "resolved": "https://registry.npmjs.org/ampelstatus/-/ampelstatus-1.0.0.tgz",
      "integrity": "sha512-3uFBRuvgfOFRdsNWtnHdAkexw0en1PErtspMyK8Yixe0z/eAbUwnfLhk6Qjvp4txMshjT2BGYpLCVrVru8Kc2A=="
    }
  },
  "dependencies": {
    "ampelstatus": {
      "version": "1.0.0",
      "resolved": "https://registry.npmjs.org/ampelstatus/-/ampelstatus-1.0.0.tgz",
      "integrity": "sha512-3uFBRuvgfOFRdsNWtnHdAkexw0en1PErtspMyK8Yixe0z/eAbUwnfLhk6Qjvp4txMshjT2BGYpLCVrVru8Kc2A=="
    }
  }
}
